{
  "version": 4,
  "terraform_version": "1.14.8",
  "serial": 23,
  "lineage": "d1556571-eb22-d15d-705d-ca3f630bea06",
  "outputs": {
    "bucket_name": {
      "value": "tfstate-pfe-2026-495220",
      "type": "string"
    },
    "project_id": {
      "value": "pfe-2026-495220",
      "type": "string"
    },
    "service_account_email": {
      "value": "sa-terraform-ci@pfe-2026-495220.iam.gserviceaccount.com",
      "type": "string"
    },
    "workload_identity_provider": {
      "value": "projects/76761593242/locations/global/workloadIdentityPools/github-pool-v2/providers/github-provider",
      "type": "string"
    }
  },
  "resources": [
    {
      "mode": "data",
      "type": "google_project",
      "name": "current",
      "provider": "provider[\"registry.terraform.io/hashicorp/google\"]",
      "instances": [
        {
          "schema_version": 0,
          "attributes": {
            "auto_create_network": null,
            "billing_account": "017B0E-F6C57F-EA0881",
            "deletion_policy": "DELETE",
            "effective_labels": {},
            "folder_id": null,
            "id": "projects/pfe-2026-495220",
            "labels": {},
            "name": "PFE-2026",
            "number": "76761593242",
            "org_id": null,
            "project_id": "pfe-2026-495220",
            "skip_delete": null,
            "terraform_labels": {}
          },
          "sensitive_attributes": [],
          "identity_schema_version": 0
        }
      ]
    },
    {
      "mode": "managed",
      "type": "google_iam_workload_identity_pool",
      "name": "github",
      "provider": "provider[\"registry.terraform.io/hashicorp/google\"]",
      "instances": [
        {
          "schema_version": 0,
          "attributes": {
            "description": "Pool pour GitHub Actions CI/CD - PFE",
            "disabled": false,
            "display_name": "GitHub Actions Pool",
            "id": "projects/76761593242/locations/global/workloadIdentityPools/github-pool-v2",
            "name": "projects/76761593242/locations/global/workloadIdentityPools/github-pool-v2",
            "project": "76761593242",
            "state": "ACTIVE",
            "timeouts": null,
            "workload_identity_pool_id": "github-pool-v2"
          },
          "sensitive_attributes": [],
          "identity_schema_version": 0,
          "private": "eyJlMmJmYjczMC1lY2FhLTExZTYtOGY4OC0zNDM2M2JjN2M0YzAiOnsiY3JlYXRlIjoxMjAwMDAwMDAwMDAwLCJkZWxldGUiOjEyMDAwMDAwMDAwMDAsInVwZGF0ZSI6MTIwMDAwMDAwMDAwMH0sInNjaGVtYV92ZXJzaW9uIjoiMCJ9",
          "dependencies": [
            "data.google_project.current",
            "google_project_service.iam_credentials"
          ]
        }
      ]
    },
    {
      "mode": "managed",
      "type": "google_iam_workload_identity_pool_provider",
      "name": "github",
      "provider": "provider[\"registry.terraform.io/hashicorp/google\"]",
      "instances": [
        {
          "schema_version": 0,
          "attributes": {
            "attribute_condition": "assertion.repository=='mariemmehri/repo-App'",
            "attribute_mapping": {
              "attribute.actor": "assertion.actor",
              "attribute.repository": "assertion.repository",
              "google.subject": "assertion.sub"
            },
            "aws": [],
            "description": "",
            "disabled": false,
            "display_name": "GitHub Provider",
            "id": "projects/76761593242/locations/global/workloadIdentityPools/github-pool-v2/providers/github-provider",
            "name": "projects/76761593242/locations/global/workloadIdentityPools/github-pool-v2/providers/github-provider",
            "oidc": [
              {
                "allowed_audiences": [],
                "issuer_uri": "https://token.actions.githubusercontent.com",
                "jwks_json": ""
              }
            ],
            "project": "76761593242",
            "saml": [],
            "state": "ACTIVE",
            "timeouts": null,
            "workload_identity_pool_id": "github-pool-v2",
            "workload_identity_pool_provider_id": "github-provider"
          },
          "sensitive_attributes": [],
          "identity_schema_version": 0,
          "private": "eyJlMmJmYjczMC1lY2FhLTExZTYtOGY4OC0zNDM2M2JjN2M0YzAiOnsiY3JlYXRlIjoxMjAwMDAwMDAwMDAwLCJkZWxldGUiOjEyMDAwMDAwMDAwMDAsInVwZGF0ZSI6MTIwMDAwMDAwMDAwMH0sInNjaGVtYV92ZXJzaW9uIjoiMCJ9"
        }
      ]
    },
    {
      "mode": "managed",
      "type": "google_project_iam_member",
      "name": "terraform_ci",
      "provider": "provider[\"registry.terraform.io/hashicorp/google\"]",
      "instances": [
        {
          "index_key": "roles/artifactregistry.admin",
          "schema_version": 0,
          "attributes": {
            "condition": [],
            "etag": "BwZRkT6s+kk=",
            "id": "pfe-2026-495220/roles/artifactregistry.admin/serviceAccount:sa-terraform-ci@pfe-2026-495220.iam.gserviceaccount.com",
            "member": "serviceAccount:sa-terraform-ci@pfe-2026-495220.iam.gserviceaccount.com",
            "project": "pfe-2026-495220",
            "role": "roles/artifactregistry.admin"
          },
          "sensitive_attributes": [],
          "identity_schema_version": 0,
          "private": "bnVsbA==",
          "dependencies": [
            "google_service_account.terraform_ci"
          ]
        },
        {
          "index_key": "roles/compute.networkAdmin",
          "schema_version": 0,
          "attributes": {
            "condition": [],
            "etag": "BwZRkT6s+kk=",
            "id": "pfe-2026-495220/roles/compute.networkAdmin/serviceAccount:sa-terraform-ci@pfe-2026-495220.iam.gserviceaccount.com",
            "member": "serviceAccount:sa-terraform-ci@pfe-2026-495220.iam.gserviceaccount.com",
            "project": "pfe-2026-495220",
            "role": "roles/compute.networkAdmin"
          },
          "sensitive_attributes": [],
          "identity_schema_version": 0,
          "private": "bnVsbA==",
          "dependencies": [
            "google_service_account.terraform_ci"
          ]
        },
        {
          "index_key": "roles/container.admin",
          "schema_version": 0,
          "attributes": {
            "condition": [],
            "etag": "BwZRkT6s+kk=",
            "id": "pfe-2026-495220/roles/container.admin/serviceAccount:sa-terraform-ci@pfe-2026-495220.iam.gserviceaccount.com",
            "member": "serviceAccount:sa-terraform-ci@pfe-2026-495220.iam.gserviceaccount.com",
            "project": "pfe-2026-495220",
            "role": "roles/container.admin"
          },
          "sensitive_attributes": [],
          "identity_schema_version": 0,
          "private": "bnVsbA==",
          "dependencies": [
            "google_service_account.terraform_ci"
          ]
        },
        {
          "index_key": "roles/iam.serviceAccountAdmin",
          "schema_version": 0,
          "attributes": {
            "condition": [],
            "etag": "BwZRkT6s+kk=",
            "id": "pfe-2026-495220/roles/iam.serviceAccountAdmin/serviceAccount:sa-terraform-ci@pfe-2026-495220.iam.gserviceaccount.com",
            "member": "serviceAccount:sa-terraform-ci@pfe-2026-495220.iam.gserviceaccount.com",
            "project": "pfe-2026-495220",
            "role": "roles/iam.serviceAccountAdmin"
          },
          "sensitive_attributes": [],
          "identity_schema_version": 0,
          "private": "bnVsbA==",
          "dependencies": [
            "google_service_account.terraform_ci"
          ]
        },
        {
          "index_key": "roles/iam.serviceAccountUser",
          "schema_version": 0,
          "attributes": {
            "condition": [],
            "etag": "BwZRkT6s+kk=",
            "id": "pfe-2026-495220/roles/iam.serviceAccountUser/serviceAccount:sa-terraform-ci@pfe-2026-495220.iam.gserviceaccount.com",
            "member": "serviceAccount:sa-terraform-ci@pfe-2026-495220.iam.gserviceaccount.com",
            "project": "pfe-2026-495220",
            "role": "roles/iam.serviceAccountUser"
          },
          "sensitive_attributes": [],
          "identity_schema_version": 0,
          "private": "bnVsbA==",
          "dependencies": [
            "google_service_account.terraform_ci"
          ]
        },
        {
          "index_key": "roles/storage.admin",
          "schema_version": 0,
          "attributes": {
            "condition": [],
            "etag": "BwZRkT6s+kk=",
            "id": "pfe-2026-495220/roles/storage.admin/serviceAccount:sa-terraform-ci@pfe-2026-495220.iam.gserviceaccount.com",
            "member": "serviceAccount:sa-terraform-ci@pfe-2026-495220.iam.gserviceaccount.com",
            "project": "pfe-2026-495220",
            "role": "roles/storage.admin"
          },
          "sensitive_attributes": [],
          "identity_schema_version": 0,
          "private": "bnVsbA==",
          "dependencies": [
            "google_service_account.terraform_ci"
          ]
        }
      ]
    },
    {
      "mode": "managed",
      "type": "google_project_service",
      "name": "iam_credentials",
      "provider": "provider[\"registry.terraform.io/hashicorp/google\"]",
      "instances": [
        {
          "schema_version": 0,
          "attributes": {
            "disable_dependent_services": null,
            "disable_on_destroy": false,
            "id": "pfe-2026-495220/iamcredentials.googleapis.com",
            "project": "pfe-2026-495220",
            "service": "iamcredentials.googleapis.com",
            "timeouts": null
          },
          "sensitive_attributes": [],
          "identity_schema_version": 0,
          "private": "eyJlMmJmYjczMC1lY2FhLTExZTYtOGY4OC0zNDM2M2JjN2M0YzAiOnsiY3JlYXRlIjoxMjAwMDAwMDAwMDAwLCJkZWxldGUiOjEyMDAwMDAwMDAwMDAsInJlYWQiOjYwMDAwMDAwMDAwMCwidXBkYXRlIjoxMjAwMDAwMDAwMDAwfX0="
        }
      ]
    },
    {
      "mode": "managed",
      "type": "google_project_service",
      "name": "sts",
      "provider": "provider[\"registry.terraform.io/hashicorp/google\"]",
      "instances": [
        {
          "schema_version": 0,
          "attributes": {
            "disable_dependent_services": null,
            "disable_on_destroy": false,
            "id": "pfe-2026-495220/sts.googleapis.com",
            "project": "pfe-2026-495220",
            "service": "sts.googleapis.com",
            "timeouts": null
          },
          "sensitive_attributes": [],
          "identity_schema_version": 0,
          "private": "eyJlMmJmYjczMC1lY2FhLTExZTYtOGY4OC0zNDM2M2JjN2M0YzAiOnsiY3JlYXRlIjoxMjAwMDAwMDAwMDAwLCJkZWxldGUiOjEyMDAwMDAwMDAwMDAsInJlYWQiOjYwMDAwMDAwMDAwMCwidXBkYXRlIjoxMjAwMDAwMDAwMDAwfX0="
        }
      ]
    },
    {
      "mode": "managed",
      "type": "google_service_account",
      "name": "terraform_ci",
      "provider": "provider[\"registry.terraform.io/hashicorp/google\"]",
      "instances": [
        {
          "schema_version": 0,
          "attributes": {
            "account_id": "sa-terraform-ci",
            "create_ignore_already_exists": null,
            "description": "Service account utilisé par le pipeline Terraform CI",
            "disabled": false,
            "display_name": "Terraform CI - GitHub Actions",
            "email": "sa-terraform-ci@pfe-2026-495220.iam.gserviceaccount.com",
            "id": "projects/pfe-2026-495220/serviceAccounts/sa-terraform-ci@pfe-2026-495220.iam.gserviceaccount.com",
            "member": "serviceAccount:sa-terraform-ci@pfe-2026-495220.iam.gserviceaccount.com",
            "name": "projects/pfe-2026-495220/serviceAccounts/sa-terraform-ci@pfe-2026-495220.iam.gserviceaccount.com",
            "project": "pfe-2026-495220",
            "timeouts": null,
            "unique_id": "114098207096985272552"
          },
          "sensitive_attributes": [],
          "identity_schema_version": 0,
          "private": "eyJlMmJmYjczMC1lY2FhLTExZTYtOGY4OC0zNDM2M2JjN2M0YzAiOnsiY3JlYXRlIjozMDAwMDAwMDAwMDB9fQ=="
        }
      ]
    },
    {
      "mode": "managed",
      "type": "google_service_account_iam_member",
      "name": "github_wif_app",
      "provider": "provider[\"registry.terraform.io/hashicorp/google\"]",
      "instances": [
        {
          "schema_version": 0,
          "attributes": {
            "condition": [],
            "etag": "BwZRkVCwCxQ=",
            "id": "projects/pfe-2026-495220/serviceAccounts/sa-terraform-ci@pfe-2026-495220.iam.gserviceaccount.com/roles/iam.workloadIdentityUser/principalSet://iam.googleapis.com/projects/76761593242/locations/global/workloadIdentityPools/github-pool-v2/attribute.repository/mariemmehri/repo-app",
            "member": "principalSet://iam.googleapis.com/projects/76761593242/locations/global/workloadIdentityPools/github-pool-v2/attribute.repository/mariemmehri/repo-app",
            "role": "roles/iam.workloadIdentityUser",
            "service_account_id": "projects/pfe-2026-495220/serviceAccounts/sa-terraform-ci@pfe-2026-495220.iam.gserviceaccount.com"
          },
          "sensitive_attributes": [],
          "identity_schema_version": 0,
          "private": "bnVsbA==",
          "dependencies": [
            "data.google_project.current",
            "google_iam_workload_identity_pool.github",
            "google_project_service.iam_credentials",
            "google_service_account.terraform_ci"
          ]
        }
      ]
    },
    {
      "mode": "managed",
      "type": "google_service_account_iam_member",
      "name": "github_wif_infra",
      "provider": "provider[\"registry.terraform.io/hashicorp/google\"]",
      "instances": [
        {
          "schema_version": 0,
          "attributes": {
            "condition": [],
            "etag": "BwZRkVCwCxQ=",
            "id": "projects/pfe-2026-495220/serviceAccounts/sa-terraform-ci@pfe-2026-495220.iam.gserviceaccount.com/roles/iam.workloadIdentityUser/principalSet://iam.googleapis.com/projects/76761593242/locations/global/workloadIdentityPools/github-pool-v2/attribute.repository/mariemmehri/repo-infrastructure",
            "member": "principalSet://iam.googleapis.com/projects/76761593242/locations/global/workloadIdentityPools/github-pool-v2/attribute.repository/mariemmehri/repo-infrastructure",
            "role": "roles/iam.workloadIdentityUser",
            "service_account_id": "projects/pfe-2026-495220/serviceAccounts/sa-terraform-ci@pfe-2026-495220.iam.gserviceaccount.com"
          },
          "sensitive_attributes": [],
          "identity_schema_version": 0,
          "private": "bnVsbA==",
          "dependencies": [
            "data.google_project.current",
            "google_iam_workload_identity_pool.github",
            "google_project_service.iam_credentials",
            "google_service_account.terraform_ci"
          ]
        }
      ]
    },
    {
      "mode": "managed",
      "type": "google_storage_bucket",
      "name": "tfstate",
      "provider": "provider[\"registry.terraform.io/hashicorp/google\"]",
      "instances": [
        {
          "schema_version": 2,
          "attributes": {
            "autoclass": [],
            "cors": [],
            "custom_placement_config": [],
            "default_event_based_hold": false,
            "effective_labels": {
              "managed-by": "terraform",
              "project": "pfe",
              "purpose": "terraform-remote-backend"
            },
            "enable_object_retention": false,
            "encryption": [],
            "force_destroy": false,
            "id": "tfstate-pfe-2026-495220",
            "labels": {
              "managed-by": "terraform",
              "project": "pfe",
              "purpose": "terraform-remote-backend"
            },
            "lifecycle_rule": [
              {
                "action": [
                  {
                    "storage_class": "",
                    "type": "Delete"
                  }
                ],
                "condition": [
                  {
                    "age": 0,
                    "created_before": "",
                    "custom_time_before": "",
                    "days_since_custom_time": 0,
                    "days_since_noncurrent_time": 0,
                    "matches_prefix": [],
                    "matches_storage_class": [],
                    "matches_suffix": [],
                    "no_age": false,
                    "noncurrent_time_before": "",
                    "num_newer_versions": 7,
                    "send_age_if_zero": true,
                    "send_days_since_custom_time_if_zero": false,
                    "send_days_since_noncurrent_time_if_zero": false,
                    "send_num_newer_versions_if_zero": false,
                    "with_state": "ANY"
                  }
                ]
              }
            ],
            "location": "EUROPE-WEST1",
            "logging": [],
            "name": "tfstate-pfe-2026-495220",
            "project": "pfe-2026-495220",
            "project_number": 76761593242,
            "public_access_prevention": "inherited",
            "requester_pays": false,
            "retention_policy": [],
            "rpo": null,
            "self_link": "https://www.googleapis.com/storage/v1/b/tfstate-pfe-2026-495220",
            "soft_delete_policy": [
              {
                "effective_time": "2026-05-11T21:15:05.096Z",
                "retention_duration_seconds": 604800
              }
            ],
            "storage_class": "STANDARD",
            "terraform_labels": {
              "managed-by": "terraform",
              "project": "pfe",
              "purpose": "terraform-remote-backend"
            },
            "timeouts": null,
            "uniform_bucket_level_access": true,
            "url": "gs://tfstate-pfe-2026-495220",
            "versioning": [
              {
                "enabled": true
              }
            ],
            "website": []
          },
          "sensitive_attributes": [],
          "identity_schema_version": 0,
          "private": "eyJlMmJmYjczMC1lY2FhLTExZTYtOGY4OC0zNDM2M2JjN2M0YzAiOnsiY3JlYXRlIjo2MDAwMDAwMDAwMDAsInJlYWQiOjI0MDAwMDAwMDAwMCwidXBkYXRlIjoyNDAwMDAwMDAwMDB9LCJzY2hlbWFfdmVyc2lvbiI6IjIifQ=="
        }
      ]
    }
  ],
  "check_results": null
}
